// !$*UTF8*$!
{
	archiveVersion = 1;
	classes = {
	};
	objectVersion = 56;
	objects = {

/* Begin PBXBuildFile section */
		FBA4E40E2BB6EA1A00FD0667 /* AppDelegate.swift in Sources */ = {isa = PBXBuildFile; fileRef = FBA4E40D2BB6EA1A00FD0667 /* AppDelegate.swift */; };
		FBA4E4122BB6EA1A00FD0667 /* HomeViewController.swift in Sources */ = {isa = PBXBuildFile; fileRef = FBA4E4112BB6EA1A00FD0667 /* HomeViewController.swift */; };
		FBA4E4172BB6EA1F00FD0667 /* Assets.xcassets in Resources */ = {isa = PBXBuildFile; fileRef = FBA4E4162BB6EA1F00FD0667 /* Assets.xcassets */; };
		FBA4E41A2BB6EA1F00FD0667 /* Base in Resources */ = {isa = PBXBuildFile; fileRef = FBA4E4192BB6EA1F00FD0667 /* Base */; };
		FBA4E4252BB6EA2000FD0667 /* ModalViewControllerTests.swift in Sources */ = {isa = PBXBuildFile; fileRef = FBA4E4242BB6EA2000FD0667 /* ModalViewControllerTests.swift */; };
		FBA4E42F2BB6EA2000FD0667 /* newProjectUITests.swift in Sources */ = {isa = PBXBuildFile; fileRef = FBA4E42E2BB6EA2000FD0667 /* newProjectUITests.swift */; };
		FBA4E4312BB6EA2000FD0667 /* newProjectUITestsLaunchTests.swift in Sources */ = {isa = PBXBuildFile; fileRef = FBA4E4302BB6EA2000FD0667 /* newProjectUITestsLaunchTests.swift */; };
		FBA4E4482BB6EFC800FD0667 /* HomeFactory.swift in Sources */ = {isa = PBXBuildFile; fileRef = FBA4E4472BB6EFC800FD0667 /* HomeFactory.swift */; };
		FBA4E44A2BB6F15300FD0667 /* HomeViewModel.swift in Sources */ = {isa = PBXBuildFile; fileRef = FBA4E4492BB6F15300FD0667 /* HomeViewModel.swift */; };
		FBA4E44C2BB6F3D100FD0667 /* AppCoordinator.swift in Sources */ = {isa = PBXBuildFile; fileRef = FBA4E44B2BB6F3D100FD0667 /* AppCoordinator.swift */; };
		FBA4E44F2BB6F48000FD0667 /* HomeCoordinator.swift in Sources */ = {isa = PBXBuildFile; fileRef = FBA4E44E2BB6F48000FD0667 /* HomeCoordinator.swift */; };
		FBAB52382BC1B98900CAABA3 /* HomeViewScreen.swift in Sources */ = {isa = PBXBuildFile; fileRef = FBAB52372BC1B98900CAABA3 /* HomeViewScreen.swift */; };
		FBAB523B2BC1BA3400CAABA3 /* ViewConfig.swift in Sources */ = {isa = PBXBuildFile; fileRef = FBAB523A2BC1BA3400CAABA3 /* ViewConfig.swift */; };
		FBAB52432BC1C2BE00CAABA3 /* SecondCoordinator.swift in Sources */ = {isa = PBXBuildFile; fileRef = FBAB52422BC1C2BE00CAABA3 /* SecondCoordinator.swift */; };
		FBAB52452BC1C2DE00CAABA3 /* SecondFactory.swift in Sources */ = {isa = PBXBuildFile; fileRef = FBAB52442BC1C2DE00CAABA3 /* SecondFactory.swift */; };
		FBAB52472BC1C31100CAABA3 /* SecondViewController.swift in Sources */ = {isa = PBXBuildFile; fileRef = FBAB52462BC1C31100CAABA3 /* SecondViewController.swift */; };
		FBAB52492BC1C33300CAABA3 /* SecondViewScreen.swift in Sources */ = {isa = PBXBuildFile; fileRef = FBAB52482BC1C33300CAABA3 /* SecondViewScreen.swift */; };
		FBAB524D2BC1C64E00CAABA3 /* ModalViewScreen.swift in Sources */ = {isa = PBXBuildFile; fileRef = FBAB524C2BC1C64E00CAABA3 /* ModalViewScreen.swift */; };
		FBAB524F2BC1C65A00CAABA3 /* ModalViewController.swift in Sources */ = {isa = PBXBuildFile; fileRef = FBAB524E2BC1C65A00CAABA3 /* ModalViewController.swift */; };
		FBAB52522BC1D29F00CAABA3 /* ModalFactory.swift in Sources */ = {isa = PBXBuildFile; fileRef = FBAB52512BC1D29F00CAABA3 /* ModalFactory.swift */; };
		FBAB52562BC751E400CAABA3 /* SecondViewModel.swift in Sources */ = {isa = PBXBuildFile; fileRef = FBAB52552BC751E400CAABA3 /* SecondViewModel.swift */; };
		FBAB52592BC75E5700CAABA3 /* HomeViewModelTests.swift in Sources */ = {isa = PBXBuildFile; fileRef = FBAB52582BC75E5700CAABA3 /* HomeViewModelTests.swift */; };
		FBAB525C2BC88FE800CAABA3 /* SecondViewModelTests.swift in Sources */ = {isa = PBXBuildFile; fileRef = FBAB525B2BC88FE800CAABA3 /* SecondViewModelTests.swift */; };
		FBAB525E2BC8925300CAABA3 /* HomeViewControllerTests.swift in Sources */ = {isa = PBXBuildFile; fileRef = FBAB525D2BC8925300CAABA3 /* HomeViewControllerTests.swift */; };
		FBAB52602BC8927800CAABA3 /* SecondViewControllerTests.swift in Sources */ = {isa = PBXBuildFile; fileRef = FBAB525F2BC8927800CAABA3 /* SecondViewControllerTests.swift */; };
		FBAB52632BC9F92200CAABA3 /* ModalFactoryTests.swift in Sources */ = {isa = PBXBuildFile; fileRef = FBAB52622BC9F92200CAABA3 /* ModalFactoryTests.swift */; };
		FBAB52652BC9F94700CAABA3 /* SecondFactoryTests.swift in Sources */ = {isa = PBXBuildFile; fileRef = FBAB52642BC9F94700CAABA3 /* SecondFactoryTests.swift */; };
		FBAB52672BC9F95900CAABA3 /* HomeFactoryTests.swift in Sources */ = {isa = PBXBuildFile; fileRef = FBAB52662BC9F95900CAABA3 /* HomeFactoryTests.swift */; };
/* End PBXBuildFile section */

/* Begin PBXContainerItemProxy section */
		FBA4E4212BB6EA2000FD0667 /* PBXContainerItemProxy */ = {
			isa = PBXContainerItemProxy;
			containerPortal = FBA4E4022BB6EA1A00FD0667 /* Project object */;
			proxyType = 1;
			remoteGlobalIDString = FBA4E4092BB6EA1A00FD0667;
			remoteInfo = newProject;
		};
		FBA4E42B2BB6EA2000FD0667 /* PBXContainerItemProxy */ = {
			isa = PBXContainerItemProxy;
			containerPortal = FBA4E4022BB6EA1A00FD0667 /* Project object */;
			proxyType = 1;
			remoteGlobalIDString = FBA4E4092BB6EA1A00FD0667;
			remoteInfo = newProject;
		};
/* End PBXContainerItemProxy section */

/* Begin PBXFileReference section */
		FBA4E40A2BB6EA1A00FD0667 /* newProject.app */ = {isa = PBXFileReference; explicitFileType = wrapper.application; includeInIndex = 0; path = newProject.app; sourceTree = BUILT_PRODUCTS_DIR; };
		FBA4E40D2BB6EA1A00FD0667 /* AppDelegate.swift */ = {isa = PBXFileReference; lastKnownFileType = sourcecode.swift; path = AppDelegate.swift; sourceTree = "<group>"; };
		FBA4E4112BB6EA1A00FD0667 /* HomeViewController.swift */ = {isa = PBXFileReference; lastKnownFileType = sourcecode.swift; path = HomeViewController.swift; sourceTree = "<group>"; };
		FBA4E4162BB6EA1F00FD0667 /* Assets.xcassets */ = {isa = PBXFileReference; lastKnownFileType = folder.assetcatalog; path = Assets.xcassets; sourceTree = "<group>"; };
		FBA4E4192BB6EA1F00FD0667 /* Base */ = {isa = PBXFileReference; lastKnownFileType = file.storyboard; name = Base; path = Base.lproj/LaunchScreen.storyboard; sourceTree = "<group>"; };
		FBA4E41B2BB6EA1F00FD0667 /* Info.plist */ = {isa = PBXFileReference; lastKnownFileType = text.plist.xml; path = Info.plist; sourceTree = "<group>"; };
		FBA4E4202BB6EA2000FD0667 /* newProjectTests.xctest */ = {isa = PBXFileReference; explicitFileType = wrapper.cfbundle; includeInIndex = 0; path = newProjectTests.xctest; sourceTree = BUILT_PRODUCTS_DIR; };
		FBA4E4242BB6EA2000FD0667 /* ModalViewControllerTests.swift */ = {isa = PBXFileReference; lastKnownFileType = sourcecode.swift; path = ModalViewControllerTests.swift; sourceTree = "<group>"; };
		FBA4E42A2BB6EA2000FD0667 /* newProjectUITests.xctest */ = {isa = PBXFileReference; explicitFileType = wrapper.cfbundle; includeInIndex = 0; path = newProjectUITests.xctest; sourceTree = BUILT_PRODUCTS_DIR; };
		FBA4E42E2BB6EA2000FD0667 /* newProjectUITests.swift */ = {isa = PBXFileReference; lastKnownFileType = sourcecode.swift; path = newProjectUITests.swift; sourceTree = "<group>"; };
		FBA4E4302BB6EA2000FD0667 /* newProjectUITestsLaunchTests.swift */ = {isa = PBXFileReference; lastKnownFileType = sourcecode.swift; path = newProjectUITestsLaunchTests.swift; sourceTree = "<group>"; };
		FBA4E4472BB6EFC800FD0667 /* HomeFactory.swift */ = {isa = PBXFileReference; lastKnownFileType = sourcecode.swift; path = HomeFactory.swift; sourceTree = "<group>"; };
		FBA4E4492BB6F15300FD0667 /* HomeViewModel.swift */ = {isa = PBXFileReference; lastKnownFileType = sourcecode.swift; path = HomeViewModel.swift; sourceTree = "<group>"; };
		FBA4E44B2BB6F3D100FD0667 /* AppCoordinator.swift */ = {isa = PBXFileReference; lastKnownFileType = sourcecode.swift; path = AppCoordinator.swift; sourceTree = "<group>"; };
		FBA4E44E2BB6F48000FD0667 /* HomeCoordinator.swift */ = {isa = PBXFileReference; lastKnownFileType = sourcecode.swift; path = HomeCoordinator.swift; sourceTree = "<group>"; };
		FBAB52372BC1B98900CAABA3 /* HomeViewScreen.swift */ = {isa = PBXFileReference; lastKnownFileType = sourcecode.swift; path = HomeViewScreen.swift; sourceTree = "<group>"; };
		FBAB523A2BC1BA3400CAABA3 /* ViewConfig.swift */ = {isa = PBXFileReference; lastKnownFileType = sourcecode.swift; path = ViewConfig.swift; sourceTree = "<group>"; };
		FBAB52422BC1C2BE00CAABA3 /* SecondCoordinator.swift */ = {isa = PBXFileReference; lastKnownFileType = sourcecode.swift; path = SecondCoordinator.swift; sourceTree = "<group>"; };
		FBAB52442BC1C2DE00CAABA3 /* SecondFactory.swift */ = {isa = PBXFileReference; lastKnownFileType = sourcecode.swift; path = SecondFactory.swift; sourceTree = "<group>"; };
		FBAB52462BC1C31100CAABA3 /* SecondViewController.swift */ = {isa = PBXFileReference; lastKnownFileType = sourcecode.swift; path = SecondViewController.swift; sourceTree = "<group>"; };
		FBAB52482BC1C33300CAABA3 /* SecondViewScreen.swift */ = {isa = PBXFileReference; lastKnownFileType = sourcecode.swift; path = SecondViewScreen.swift; sourceTree = "<group>"; };
		FBAB524C2BC1C64E00CAABA3 /* ModalViewScreen.swift */ = {isa = PBXFileReference; lastKnownFileType = sourcecode.swift; path = ModalViewScreen.swift; sourceTree = "<group>"; };
		FBAB524E2BC1C65A00CAABA3 /* ModalViewController.swift */ = {isa = PBXFileReference; lastKnownFileType = sourcecode.swift; path = ModalViewController.swift; sourceTree = "<group>"; };
		FBAB52512BC1D29F00CAABA3 /* ModalFactory.swift */ = {isa = PBXFileReference; lastKnownFileType = sourcecode.swift; path = ModalFactory.swift; sourceTree = "<group>"; };
		FBAB52552BC751E400CAABA3 /* SecondViewModel.swift */ = {isa = PBXFileReference; lastKnownFileType = sourcecode.swift; path = SecondViewModel.swift; sourceTree = "<group>"; };
		FBAB52582BC75E5700CAABA3 /* HomeViewModelTests.swift */ = {isa = PBXFileReference; lastKnownFileType = sourcecode.swift; path = HomeViewModelTests.swift; sourceTree = "<group>"; };
		FBAB525B2BC88FE800CAABA3 /* SecondViewModelTests.swift */ = {isa = PBXFileReference; lastKnownFileType = sourcecode.swift; path = SecondViewModelTests.swift; sourceTree = "<group>"; };
		FBAB525D2BC8925300CAABA3 /* HomeViewControllerTests.swift */ = {isa = PBXFileReference; lastKnownFileType = sourcecode.swift; path = HomeViewControllerTests.swift; sourceTree = "<group>"; };
		FBAB525F2BC8927800CAABA3 /* SecondViewControllerTests.swift */ = {isa = PBXFileReference; lastKnownFileType = sourcecode.swift; path = SecondViewControllerTests.swift; sourceTree = "<group>"; };
		FBAB52622BC9F92200CAABA3 /* ModalFactoryTests.swift */ = {isa = PBXFileReference; lastKnownFileType = sourcecode.swift; path = ModalFactoryTests.swift; sourceTree = "<group>"; };
		FBAB52642BC9F94700CAABA3 /* SecondFactoryTests.swift */ = {isa = PBXFileReference; lastKnownFileType = sourcecode.swift; path = SecondFactoryTests.swift; sourceTree = "<group>"; };
		FBAB52662BC9F95900CAABA3 /* HomeFactoryTests.swift */ = {isa = PBXFileReference; lastKnownFileType = sourcecode.swift; path = HomeFactoryTests.swift; sourceTree = "<group>"; };
/* End PBXFileReference section */

/* Begin PBXFrameworksBuildPhase section */
		FBA4E4072BB6EA1A00FD0667 /* Frameworks */ = {
			isa = PBXFrameworksBuildPhase;
			buildActionMask = 2147483647;
			files = (
			);
			runOnlyForDeploymentPostprocessing = 0;
		};
		FBA4E41D2BB6EA2000FD0667 /* Frameworks */ = {
			isa = PBXFrameworksBuildPhase;
			buildActionMask = 2147483647;
			files = (
			);
			runOnlyForDeploymentPostprocessing = 0;
		};
		FBA4E4272BB6EA2000FD0667 /* Frameworks */ = {
			isa = PBXFrameworksBuildPhase;
			buildActionMask = 2147483647;
			files = (
			);
			runOnlyForDeploymentPostprocessing = 0;
		};
/* End PBXFrameworksBuildPhase section */

/* Begin PBXGroup section */
		FBA4E4012BB6EA1A00FD0667 = {
			isa = PBXGroup;
			children = (
				FBA4E40C2BB6EA1A00FD0667 /* newProject */,
				FBA4E4232BB6EA2000FD0667 /* newProjectTests */,
				FBA4E42D2BB6EA2000FD0667 /* newProjectUITests */,
				FBA4E40B2BB6EA1A00FD0667 /* Products */,
			);
			sourceTree = "<group>";
		};
		FBA4E40B2BB6EA1A00FD0667 /* Products */ = {
			isa = PBXGroup;
			children = (
				FBA4E40A2BB6EA1A00FD0667 /* newProject.app */,
				FBA4E4202BB6EA2000FD0667 /* newProjectTests.xctest */,
				FBA4E42A2BB6EA2000FD0667 /* newProjectUITests.xctest */,
			);
			name = Products;
			sourceTree = "<group>";
		};
		FBA4E40C2BB6EA1A00FD0667 /* newProject */ = {
			isa = PBXGroup;
			children = (
				FBAB52392BC1BA1400CAABA3 /* Commons */,
				FBA4E43F2BB6EDAE00FD0667 /* Start */,
				FBA4E43E2BB6EDAB00FD0667 /* Features */,
				FBA4E43D2BB6EDA700FD0667 /* Resources */,
			);
			path = newProject;
			sourceTree = "<group>";
		};
		FBA4E4232BB6EA2000FD0667 /* newProjectTests */ = {
			isa = PBXGroup;
			children = (
				FBAB52612BC9F89100CAABA3 /* Modal */,
				FBAB525A2BC88FCB00CAABA3 /* Second */,
				FBAB52572BC75E3B00CAABA3 /* Home */,
			);
			path = newProjectTests;
			sourceTree = "<group>";
		};
		FBA4E42D2BB6EA2000FD0667 /* newProjectUITests */ = {
			isa = PBXGroup;
			children = (
				FBA4E42E2BB6EA2000FD0667 /* newProjectUITests.swift */,
				FBA4E4302BB6EA2000FD0667 /* newProjectUITestsLaunchTests.swift */,
			);
			path = newProjectUITests;
			sourceTree = "<group>";
		};
		FBA4E43D2BB6EDA700FD0667 /* Resources */ = {
			isa = PBXGroup;
			children = (
				FBA4E4162BB6EA1F00FD0667 /* Assets.xcassets */,
				FBA4E4182BB6EA1F00FD0667 /* LaunchScreen.storyboard */,
				FBA4E41B2BB6EA1F00FD0667 /* Info.plist */,
			);
			path = Resources;
			sourceTree = "<group>";
		};
		FBA4E43E2BB6EDAB00FD0667 /* Features */ = {
			isa = PBXGroup;
			children = (
				FBA4E4402BB6EDD000FD0667 /* Scene */,
			);
			path = Features;
			sourceTree = "<group>";
		};
		FBA4E43F2BB6EDAE00FD0667 /* Start */ = {
			isa = PBXGroup;
			children = (
				FBA4E40D2BB6EA1A00FD0667 /* AppDelegate.swift */,
				FBA4E44B2BB6F3D100FD0667 /* AppCoordinator.swift */,
			);
			path = Start;
			sourceTree = "<group>";
		};
		FBA4E4402BB6EDD000FD0667 /* Scene */ = {
			isa = PBXGroup;
			children = (
				FBAB524A2BC1C62B00CAABA3 /* Modal */,
				FBAB523C2BC1C25A00CAABA3 /* Second */,
				FBA4E4412BB6EDE900FD0667 /* Home */,
			);
			path = Scene;
			sourceTree = "<group>";
		};
		FBA4E4412BB6EDE900FD0667 /* Home */ = {
			isa = PBXGroup;
			children = (
				FBA4E4452BB6EE2100FD0667 /* Coordinator */,
				FBA4E4462BB6EE2A00FD0667 /* Factory */,
				FBA4E4442BB6EDFB00FD0667 /* UI */,
				FBA4E4432BB6EDF800FD0667 /* Presentation */,
			);
			path = Home;
			sourceTree = "<group>";
		};
		FBA4E4432BB6EDF800FD0667 /* Presentation */ = {
			isa = PBXGroup;
			children = (
				FBA4E4492BB6F15300FD0667 /* HomeViewModel.swift */,
			);
			path = Presentation;
			sourceTree = "<group>";
		};
		FBA4E4442BB6EDFB00FD0667 /* UI */ = {
			isa = PBXGroup;
			children = (
				FBA4E4112BB6EA1A00FD0667 /* HomeViewController.swift */,
				FBAB52372BC1B98900CAABA3 /* HomeViewScreen.swift */,
			);
			path = UI;
			sourceTree = "<group>";
		};
		FBA4E4452BB6EE2100FD0667 /* Coordinator */ = {
			isa = PBXGroup;
			children = (
				FBA4E44E2BB6F48000FD0667 /* HomeCoordinator.swift */,
			);
			path = Coordinator;
			sourceTree = "<group>";
		};
		FBA4E4462BB6EE2A00FD0667 /* Factory */ = {
			isa = PBXGroup;
			children = (
				FBA4E4472BB6EFC800FD0667 /* HomeFactory.swift */,
			);
			path = Factory;
			sourceTree = "<group>";
		};
		FBAB52392BC1BA1400CAABA3 /* Commons */ = {
			isa = PBXGroup;
			children = (
				FBAB523A2BC1BA3400CAABA3 /* ViewConfig.swift */,
			);
			path = Commons;
			sourceTree = "<group>";
		};
		FBAB523C2BC1C25A00CAABA3 /* Second */ = {
			isa = PBXGroup;
			children = (
				FBAB52412BC1C27000CAABA3 /* Coordinator */,
				FBAB523F2BC1C26C00CAABA3 /* Factory */,
				FBAB523E2BC1C26A00CAABA3 /* UI */,
				FBAB523D2BC1C26700CAABA3 /* Presentation */,
			);
			path = Second;
			sourceTree = "<group>";
		};
		FBAB523D2BC1C26700CAABA3 /* Presentation */ = {
			isa = PBXGroup;
			children = (
				FBAB52552BC751E400CAABA3 /* SecondViewModel.swift */,
			);
			path = Presentation;
			sourceTree = "<group>";
		};
		FBAB523E2BC1C26A00CAABA3 /* UI */ = {
			isa = PBXGroup;
			children = (
				FBAB52462BC1C31100CAABA3 /* SecondViewController.swift */,
				FBAB52482BC1C33300CAABA3 /* SecondViewScreen.swift */,
			);
			path = UI;
			sourceTree = "<group>";
		};
		FBAB523F2BC1C26C00CAABA3 /* Factory */ = {
			isa = PBXGroup;
			children = (
				FBAB52442BC1C2DE00CAABA3 /* SecondFactory.swift */,
			);
			path = Factory;
			sourceTree = "<group>";
		};
		FBAB52412BC1C27000CAABA3 /* Coordinator */ = {
			isa = PBXGroup;
			children = (
				FBAB52422BC1C2BE00CAABA3 /* SecondCoordinator.swift */,
			);
			path = Coordinator;
			sourceTree = "<group>";
		};
		FBAB524A2BC1C62B00CAABA3 /* Modal */ = {
			isa = PBXGroup;
			children = (
				FBAB52502BC1D1C100CAABA3 /* Factory */,
				FBAB524B2BC1C63E00CAABA3 /* UI */,
			);
			path = Modal;
			sourceTree = "<group>";
		};
		FBAB524B2BC1C63E00CAABA3 /* UI */ = {
			isa = PBXGroup;
			children = (
				FBAB524C2BC1C64E00CAABA3 /* ModalViewScreen.swift */,
				FBAB524E2BC1C65A00CAABA3 /* ModalViewController.swift */,
			);
			path = UI;
			sourceTree = "<group>";
		};
		FBAB52502BC1D1C100CAABA3 /* Factory */ = {
			isa = PBXGroup;
			children = (
				FBAB52512BC1D29F00CAABA3 /* ModalFactory.swift */,
			);
			path = Factory;
			sourceTree = "<group>";
		};
		FBAB52572BC75E3B00CAABA3 /* Home */ = {
			isa = PBXGroup;
			children = (
				FBAB52582BC75E5700CAABA3 /* HomeViewModelTests.swift */,
				FBAB525D2BC8925300CAABA3 /* HomeViewControllerTests.swift */,
				FBAB52662BC9F95900CAABA3 /* HomeFactoryTests.swift */,
			);
			path = Home;
			sourceTree = "<group>";
		};
		FBAB525A2BC88FCB00CAABA3 /* Second */ = {
			isa = PBXGroup;
			children = (
				FBAB525B2BC88FE800CAABA3 /* SecondViewModelTests.swift */,
				FBAB525F2BC8927800CAABA3 /* SecondViewControllerTests.swift */,
				FBAB52642BC9F94700CAABA3 /* SecondFactoryTests.swift */,
			);
			path = Second;
			sourceTree = "<group>";
		};
		FBAB52612BC9F89100CAABA3 /* Modal */ = {
			isa = PBXGroup;
			children = (
				FBA4E4242BB6EA2000FD0667 /* ModalViewControllerTests.swift */,
				FBAB52622BC9F92200CAABA3 /* ModalFactoryTests.swift */,
			);
			path = Modal;
			sourceTree = "<group>";
		};
/* End PBXGroup section */

/* Begin PBXNativeTarget section */
		FBA4E4092BB6EA1A00FD0667 /* newProject */ = {
			isa = PBXNativeTarget;
			buildConfigurationList = FBA4E4342BB6EA2000FD0667 /* Build configuration list for PBXNativeTarget "newProject" */;
			buildPhases = (
				FBA4E4062BB6EA1A00FD0667 /* Sources */,
				FBA4E4072BB6EA1A00FD0667 /* Frameworks */,
				FBA4E4082BB6EA1A00FD0667 /* Resources */,
			);
			buildRules = (
			);
			dependencies = (
			);
			name = newProject;
			productName = newProject;
			productReference = FBA4E40A2BB6EA1A00FD0667 /* newProject.app */;
			productType = "com.apple.product-type.application";
		};
		FBA4E41F2BB6EA2000FD0667 /* newProjectTests */ = {
			isa = PBXNativeTarget;
			buildConfigurationList = FBA4E4372BB6EA2000FD0667 /* Build configuration list for PBXNativeTarget "newProjectTests" */;
			buildPhases = (
				FBA4E41C2BB6EA2000FD0667 /* Sources */,
				FBA4E41D2BB6EA2000FD0667 /* Frameworks */,
				FBA4E41E2BB6EA2000FD0667 /* Resources */,
			);
			buildRules = (
			);
			dependencies = (
				FBA4E4222BB6EA2000FD0667 /* PBXTargetDependency */,
			);
			name = newProjectTests;
			productName = newProjectTests;
			productReference = FBA4E4202BB6EA2000FD0667 /* newProjectTests.xctest */;
			productType = "com.apple.product-type.bundle.unit-test";
		};
		FBA4E4292BB6EA2000FD0667 /* newProjectUITests */ = {
			isa = PBXNativeTarget;
			buildConfigurationList = FBA4E43A2BB6EA2000FD0667 /* Build configuration list for PBXNativeTarget "newProjectUITests" */;
			buildPhases = (
				FBA4E4262BB6EA2000FD0667 /* Sources */,
				FBA4E4272BB6EA2000FD0667 /* Frameworks */,
				FBA4E4282BB6EA2000FD0667 /* Resources */,
			);
			buildRules = (
			);
			dependencies = (
				FBA4E42C2BB6EA2000FD0667 /* PBXTargetDependency */,
			);
			name = newProjectUITests;
			productName = newProjectUITests;
			productReference = FBA4E42A2BB6EA2000FD0667 /* newProjectUITests.xctest */;
			productType = "com.apple.product-type.bundle.ui-testing";
		};
/* End PBXNativeTarget section */

/* Begin PBXProject section */
		FBA4E4022BB6EA1A00FD0667 /* Project object */ = {
			isa = PBXProject;
			attributes = {
				BuildIndependentTargetsInParallel = 1;
				LastSwiftUpdateCheck = 1530;
				LastUpgradeCheck = 1530;
				TargetAttributes = {
					FBA4E4092BB6EA1A00FD0667 = {
						CreatedOnToolsVersion = 15.3;
					};
					FBA4E41F2BB6EA2000FD0667 = {
						CreatedOnToolsVersion = 15.3;
						TestTargetID = FBA4E4092BB6EA1A00FD0667;
					};
					FBA4E4292BB6EA2000FD0667 = {
						CreatedOnToolsVersion = 15.3;
						TestTargetID = FBA4E4092BB6EA1A00FD0667;
					};
				};
			};
			buildConfigurationList = FBA4E4052BB6EA1A00FD0667 /* Build configuration list for PBXProject "newProject" */;
			compatibilityVersion = "Xcode 14.0";
			developmentRegion = en;
			hasScannedForEncodings = 0;
			knownRegions = (
				en,
				Base,
			);
			mainGroup = FBA4E4012BB6EA1A00FD0667;
			productRefGroup = FBA4E40B2BB6EA1A00FD0667 /* Products */;
			projectDirPath = "";
			projectRoot = "";
			targets = (
				FBA4E4092BB6EA1A00FD0667 /* newProject */,
				FBA4E41F2BB6EA2000FD0667 /* newProjectTests */,
				FBA4E4292BB6EA2000FD0667 /* newProjectUITests */,
			);
		};
/* End PBXProject section */

/* Begin PBXResourcesBuildPhase section */
		FBA4E4082BB6EA1A00FD0667 /* Resources */ = {
			isa = PBXResourcesBuildPhase;
			buildActionMask = 2147483647;
			files = (
				FBA4E4172BB6EA1F00FD0667 /* Assets.xcassets in Resources */,
				FBA4E41A2BB6EA1F00FD0667 /* Base in Resources */,
			);
			runOnlyForDeploymentPostprocessing = 0;
		};
		FBA4E41E2BB6EA2000FD0667 /* Resources */ = {
			isa = PBXResourcesBuildPhase;
			buildActionMask = 2147483647;
			files = (
			);
			runOnlyForDeploymentPostprocessing = 0;
		};
		FBA4E4282BB6EA2000FD0667 /* Resources */ = {
			isa = PBXResourcesBuildPhase;
			buildActionMask = 2147483647;
			files = (
			);
			runOnlyForDeploymentPostprocessing = 0;
		};
/* End PBXResourcesBuildPhase section */

/* Begin PBXSourcesBuildPhase section */
		FBA4E4062BB6EA1A00FD0667 /* Sources */ = {
			isa = PBXSourcesBuildPhase;
			buildActionMask = 2147483647;
			files = (
				FBAB52492BC1C33300CAABA3 /* SecondViewScreen.swift in Sources */,
				FBAB524D2BC1C64E00CAABA3 /* ModalViewScreen.swift in Sources */,
				FBAB52472BC1C31100CAABA3 /* SecondViewController.swift in Sources */,
				FBAB52452BC1C2DE00CAABA3 /* SecondFactory.swift in Sources */,
				FBA4E4122BB6EA1A00FD0667 /* HomeViewController.swift in Sources */,
				FBA4E40E2BB6EA1A00FD0667 /* AppDelegate.swift in Sources */,
				FBAB524F2BC1C65A00CAABA3 /* ModalViewController.swift in Sources */,
				FBAB52522BC1D29F00CAABA3 /* ModalFactory.swift in Sources */,
				FBAB52562BC751E400CAABA3 /* SecondViewModel.swift in Sources */,
				FBA4E44C2BB6F3D100FD0667 /* AppCoordinator.swift in Sources */,
				FBA4E4482BB6EFC800FD0667 /* HomeFactory.swift in Sources */,
				FBAB52432BC1C2BE00CAABA3 /* SecondCoordinator.swift in Sources */,
				FBAB523B2BC1BA3400CAABA3 /* ViewConfig.swift in Sources */,
				FBAB52382BC1B98900CAABA3 /* HomeViewScreen.swift in Sources */,
				FBA4E44A2BB6F15300FD0667 /* HomeViewModel.swift in Sources */,
				FBA4E44F2BB6F48000FD0667 /* HomeCoordinator.swift in Sources */,
			);
			runOnlyForDeploymentPostprocessing = 0;
		};
		FBA4E41C2BB6EA2000FD0667 /* Sources */ = {
			isa = PBXSourcesBuildPhase;
			buildActionMask = 2147483647;
			files = (
				FBA4E4252BB6EA2000FD0667 /* ModalViewControllerTests.swift in Sources */,
				FBAB52602BC8927800CAABA3 /* SecondViewControllerTests.swift in Sources */,
				FBAB52632BC9F92200CAABA3 /* ModalFactoryTests.swift in Sources */,
				FBAB52652BC9F94700CAABA3 /* SecondFactoryTests.swift in Sources */,
				FBAB52592BC75E5700CAABA3 /* HomeViewModelTests.swift in Sources */,
				FBAB52672BC9F95900CAABA3 /* HomeFactoryTests.swift in Sources */,
				FBAB525C2BC88FE800CAABA3 /* SecondViewModelTests.swift in Sources */,
				FBAB525E2BC8925300CAABA3 /* HomeViewControllerTests.swift in Sources */,
			);
			runOnlyForDeploymentPostprocessing = 0;
		};
		FBA4E4262BB6EA2000FD0667 /* Sources */ = {
			isa = PBXSourcesBuildPhase;
			buildActionMask = 2147483647;
			files = (
				FBA4E42F2BB6EA2000FD0667 /* newProjectUITests.swift in Sources */,
				FBA4E4312BB6EA2000FD0667 /* newProjectUITestsLaunchTests.swift in Sources */,
			);
			runOnlyForDeploymentPostprocessing = 0;
		};
/* End PBXSourcesBuildPhase section */

/* Begin PBXTargetDependency section */
		FBA4E4222BB6EA2000FD0667 /* PBXTargetDependency */ = {
			isa = PBXTargetDependency;
			target = FBA4E4092BB6EA1A00FD0667 /* newProject */;
			targetProxy = FBA4E4212BB6EA2000FD0667 /* PBXContainerItemProxy */;
		};
		FBA4E42C2BB6EA2000FD0667 /* PBXTargetDependency */ = {
			isa = PBXTargetDependency;
			target = FBA4E4092BB6EA1A00FD0667 /* newProject */;
			targetProxy = FBA4E42B2BB6EA2000FD0667 /* PBXContainerItemProxy */;
		};
/* End PBXTargetDependency section */

/* Begin PBXVariantGroup section */
		FBA4E4182BB6EA1F00FD0667 /* LaunchScreen.storyboard */ = {
			isa = PBXVariantGroup;
			children = (
				FBA4E4192BB6EA1F00FD0667 /* Base */,
			);
			name = LaunchScreen.storyboard;
			sourceTree = "<group>";
		};
/* End PBXVariantGroup section */

/* Begin XCBuildConfiguration section */
		FBA4E4322BB6EA2000FD0667 /* Debug */ = {
			isa = XCBuildConfiguration;
			buildSettings = {
				ALWAYS_SEARCH_USER_PATHS = NO;
				ASSETCATALOG_COMPILER_GENERATE_SWIFT_ASSET_SYMBOL_EXTENSIONS = YES;
				CLANG_ANALYZER_NONNULL = YES;
				CLANG_ANALYZER_NUMBER_OBJECT_CONVERSION = YES_AGGRESSIVE;
				CLANG_CXX_LANGUAGE_STANDARD = "gnu++20";
				CLANG_ENABLE_MODULES = YES;
				CLANG_ENABLE_OBJC_ARC = YES;
				CLANG_ENABLE_OBJC_WEAK = YES;
				CLANG_WARN_BLOCK_CAPTURE_AUTORELEASING = YES;
				CLANG_WARN_BOOL_CONVERSION = YES;
				CLANG_WARN_COMMA = YES;
				CLANG_WARN_CONSTANT_CONVERSION = YES;
				CLANG_WARN_DEPRECATED_OBJC_IMPLEMENTATIONS = YES;
				CLANG_WARN_DIRECT_OBJC_ISA_USAGE = YES_ERROR;
				CLANG_WARN_DOCUMENTATION_COMMENTS = YES;
				CLANG_WARN_EMPTY_BODY = YES;
				CLANG_WARN_ENUM_CONVERSION = YES;
				CLANG_WARN_INFINITE_RECURSION = YES;
				CLANG_WARN_INT_CONVERSION = YES;
				CLANG_WARN_NON_LITERAL_NULL_CONVERSION = YES;
				CLANG_WARN_OBJC_IMPLICIT_RETAIN_SELF = YES;
				CLANG_WARN_OBJC_LITERAL_CONVERSION = YES;
				CLANG_WARN_OBJC_ROOT_CLASS = YES_ERROR;
				CLANG_WARN_QUOTED_INCLUDE_IN_FRAMEWORK_HEADER = YES;
				CLANG_WARN_RANGE_LOOP_ANALYSIS = YES;
				CLANG_WARN_STRICT_PROTOTYPES = YES;
				CLANG_WARN_SUSPICIOUS_MOVE = YES;
				CLANG_WARN_UNGUARDED_AVAILABILITY = YES_AGGRESSIVE;
				CLANG_WARN_UNREACHABLE_CODE = YES;
				CLANG_WARN__DUPLICATE_METHOD_MATCH = YES;
				COPY_PHASE_STRIP = NO;
				DEBUG_INFORMATION_FORMAT = dwarf;
				ENABLE_STRICT_OBJC_MSGSEND = YES;
				ENABLE_TESTABILITY = YES;
				ENABLE_USER_SCRIPT_SANDBOXING = YES;
				GCC_C_LANGUAGE_STANDARD = gnu17;
				GCC_DYNAMIC_NO_PIC = NO;
				GCC_NO_COMMON_BLOCKS = YES;
				GCC_OPTIMIZATION_LEVEL = 0;
				GCC_PREPROCESSOR_DEFINITIONS = (
					"DEBUG=1",
					"$(inherited)",
				);
				GCC_WARN_64_TO_32_BIT_CONVERSION = YES;
				GCC_WARN_ABOUT_RETURN_TYPE = YES_ERROR;
				GCC_WARN_UNDECLARED_SELECTOR = YES;
				GCC_WARN_UNINITIALIZED_AUTOS = YES_AGGRESSIVE;
				GCC_WARN_UNUSED_FUNCTION = YES;
				GCC_WARN_UNUSED_VARIABLE = YES;
				IPHONEOS_DEPLOYMENT_TARGET = 17.4;
				LOCALIZATION_PREFERS_STRING_CATALOGS = YES;
				MTL_ENABLE_DEBUG_INFO = INCLUDE_SOURCE;
				MTL_FAST_MATH = YES;
				ONLY_ACTIVE_ARCH = YES;
				SDKROOT = iphoneos;
				SWIFT_ACTIVE_COMPILATION_CONDITIONS = "DEBUG $(inherited)";
				SWIFT_OPTIMIZATION_LEVEL = "-Onone";
			};
			name = Debug;
		};
		FBA4E4332BB6EA2000FD0667 /* Release */ = {
			isa = XCBuildConfiguration;
			buildSettings = {
				ALWAYS_SEARCH_USER_PATHS = NO;
				ASSETCATALOG_COMPILER_GENERATE_SWIFT_ASSET_SYMBOL_EXTENSIONS = YES;
				CLANG_ANALYZER_NONNULL = YES;
				CLANG_ANALYZER_NUMBER_OBJECT_CONVERSION = YES_AGGRESSIVE;
				CLANG_CXX_LANGUAGE_STANDARD = "gnu++20";
				CLANG_ENABLE_MODULES = YES;
				CLANG_ENABLE_OBJC_ARC = YES;
				CLANG_ENABLE_OBJC_WEAK = YES;
				CLANG_WARN_BLOCK_CAPTURE_AUTORELEASING = YES;
				CLANG_WARN_BOOL_CONVERSION = YES;
				CLANG_WARN_COMMA = YES;
				CLANG_WARN_CONSTANT_CONVERSION = YES;
				CLANG_WARN_DEPRECATED_OBJC_IMPLEMENTATIONS = YES;
				CLANG_WARN_DIRECT_OBJC_ISA_USAGE = YES_ERROR;
				CLANG_WARN_DOCUMENTATION_COMMENTS = YES;
				CLANG_WARN_EMPTY_BODY = YES;
				CLANG_WARN_ENUM_CONVERSION = YES;
				CLANG_WARN_INFINITE_RECURSION = YES;
				CLANG_WARN_INT_CONVERSION = YES;
				CLANG_WARN_NON_LITERAL_NULL_CONVERSION = YES;
				CLANG_WARN_OBJC_IMPLICIT_RETAIN_SELF = YES;
				CLANG_WARN_OBJC_LITERAL_CONVERSION = YES;
				CLANG_WARN_OBJC_ROOT_CLASS = YES_ERROR;
				CLANG_WARN_QUOTED_INCLUDE_IN_FRAMEWORK_HEADER = YES;
				CLANG_WARN_RANGE_LOOP_ANALYSIS = YES;
				CLANG_WARN_STRICT_PROTOTYPES = YES;
				CLANG_WARN_SUSPICIOUS_MOVE = YES;
				CLANG_WARN_UNGUARDED_AVAILABILITY = YES_AGGRESSIVE;
				CLANG_WARN_UNREACHABLE_CODE = YES;
				CLANG_WARN__DUPLICATE_METHOD_MATCH = YES;
				COPY_PHASE_STRIP = NO;
				DEBUG_INFORMATION_FORMAT = "dwarf-with-dsym";
				ENABLE_NS_ASSERTIONS = NO;
				ENABLE_STRICT_OBJC_MSGSEND = YES;
				ENABLE_USER_SCRIPT_SANDBOXING = YES;
				GCC_C_LANGUAGE_STANDARD = gnu17;
				GCC_NO_COMMON_BLOCKS = YES;
				GCC_WARN_64_TO_32_BIT_CONVERSION = YES;
				GCC_WARN_ABOUT_RETURN_TYPE = YES_ERROR;
				GCC_WARN_UNDECLARED_SELECTOR = YES;
				GCC_WARN_UNINITIALIZED_AUTOS = YES_AGGRESSIVE;
				GCC_WARN_UNUSED_FUNCTION = YES;
				GCC_WARN_UNUSED_VARIABLE = YES;
				IPHONEOS_DEPLOYMENT_TARGET = 17.4;
				LOCALIZATION_PREFERS_STRING_CATALOGS = YES;
				MTL_ENABLE_DEBUG_INFO = NO;
				MTL_FAST_MATH = YES;
				SDKROOT = iphoneos;
				SWIFT_COMPILATION_MODE = wholemodule;
				VALIDATE_PRODUCT = YES;
			};
			name = Release;
		};
		FBA4E4352BB6EA2000FD0667 /* Debug */ = {
			isa = XCBuildConfiguration;
			buildSettings = {
				ASSETCATALOG_COMPILER_APPICON_NAME = AppIcon;
				ASSETCATALOG_COMPILER_GLOBAL_ACCENT_COLOR_NAME = AccentColor;
				CODE_SIGN_STYLE = Automatic;
				CURRENT_PROJECT_VERSION = 1;
				GENERATE_INFOPLIST_FILE = YES;
				INFOPLIST_FILE = newProject/Resources/Info.plist;
				INFOPLIST_KEY_UIApplicationSupportsIndirectInputEvents = YES;
				INFOPLIST_KEY_UILaunchStoryboardName = LaunchScreen;
				INFOPLIST_KEY_UISupportedInterfaceOrientations_iPad = "UIInterfaceOrientationPortrait UIInterfaceOrientationPortraitUpsideDown UIInterfaceOrientationLandscapeLeft UIInterfaceOrientationLandscapeRight";
				INFOPLIST_KEY_UISupportedInterfaceOrientations_iPhone = "UIInterfaceOrientationPortrait UIInterfaceOrientationLandscapeLeft UIInterfaceOrientationLandscapeRight";
				LD_RUNPATH_SEARCH_PATHS = (
					"$(inherited)",
					"@executable_path/Frameworks",
				);
				MARKETING_VERSION = 1.0;
				PRODUCT_BUNDLE_IDENTIFIER = com.companyname.newProject;
				PRODUCT_NAME = "$(TARGET_NAME)";
				SWIFT_EMIT_LOC_STRINGS = YES;
				SWIFT_VERSION = 5.0;
				TARGETED_DEVICE_FAMILY = "1,2";
			};
			name = Debug;
		};
		FBA4E4362BB6EA2000FD0667 /* Release */ = {
			isa = XCBuildConfiguration;
			buildSettings = {
				ASSETCATALOG_COMPILER_APPICON_NAME = AppIcon;
				ASSETCATALOG_COMPILER_GLOBAL_ACCENT_COLOR_NAME = AccentColor;
				CODE_SIGN_STYLE = Automatic;
				CURRENT_PROJECT_VERSION = 1;
				GENERATE_INFOPLIST_FILE = YES;
				INFOPLIST_FILE = newProject/Resources/Info.plist;
				INFOPLIST_KEY_UIApplicationSupportsIndirectInputEvents = YES;
				INFOPLIST_KEY_UILaunchStoryboardName = LaunchScreen;
				INFOPLIST_KEY_UISupportedInterfaceOrientations_iPad = "UIInterfaceOrientationPortrait UIInterfaceOrientationPortraitUpsideDown UIInterfaceOrientationLandscapeLeft UIInterfaceOrientationLandscapeRight";
				INFOPLIST_KEY_UISupportedInterfaceOrientations_iPhone = "UIInterfaceOrientationPortrait UIInterfaceOrientationLandscapeLeft UIInterfaceOrientationLandscapeRight";
				LD_RUNPATH_SEARCH_PATHS = (
					"$(inherited)",
					"@executable_path/Frameworks",
				);
				MARKETING_VERSION = 1.0;
				PRODUCT_BUNDLE_IDENTIFIER = com.companyname.newProject;
				PRODUCT_NAME = "$(TARGET_NAME)";
				SWIFT_EMIT_LOC_STRINGS = YES;
				SWIFT_VERSION = 5.0;
				TARGETED_DEVICE_FAMILY = "1,2";
			};
			name = Release;
		};
		FBA4E4382BB6EA2000FD0667 /* Debug */ = {
			isa = XCBuildConfiguration;
			buildSettings = {
				ALWAYS_EMBED_SWIFT_STANDARD_LIBRARIES = YES;
				BUNDLE_LOADER = "$(TEST_HOST)";
				CODE_SIGN_STYLE = Automatic;
				CURRENT_PROJECT_VERSION = 1;
				GENERATE_INFOPLIST_FILE = YES;
				IPHONEOS_DEPLOYMENT_TARGET = 17.4;
				MARKETING_VERSION = 1.0;
				PRODUCT_BUNDLE_IDENTIFIER = com.companyname.newProjectTests;
				PRODUCT_NAME = "$(TARGET_NAME)";
				SWIFT_EMIT_LOC_STRINGS = NO;
				SWIFT_VERSION = 5.0;
				TARGETED_DEVICE_FAMILY = "1,2";
				TEST_HOST = "$(BUILT_PRODUCTS_DIR)/newProject.app/$(BUNDLE_EXECUTABLE_FOLDER_PATH)/newProject";
			};
			name = Debug;
		};
		FBA4E4392BB6EA2000FD0667 /* Release */ = {
			isa = XCBuildConfiguration;
			buildSettings = {
				ALWAYS_EMBED_SWIFT_STANDARD_LIBRARIES = YES;
				BUNDLE_LOADER = "$(TEST_HOST)";
				CODE_SIGN_STYLE = Automatic;
				CURRENT_PROJECT_VERSION = 1;
				GENERATE_INFOPLIST_FILE = YES;
				IPHONEOS_DEPLOYMENT_TARGET = 17.4;
				MARKETING_VERSION = 1.0;
				PRODUCT_BUNDLE_IDENTIFIER = com.companyname.newProjectTests;
				PRODUCT_NAME = "$(TARGET_NAME)";
				SWIFT_EMIT_LOC_STRINGS = NO;
				SWIFT_VERSION = 5.0;
				TARGETED_DEVICE_FAMILY = "1,2";
				TEST_HOST = "$(BUILT_PRODUCTS_DIR)/newProject.app/$(BUNDLE_EXECUTABLE_FOLDER_PATH)/newProject";
			};
			name = Release;
		};
		FBA4E43B2BB6EA2000FD0667 /* Debug */ = {
			isa = XCBuildConfiguration;
			buildSettings = {
				ALWAYS_EMBED_SWIFT_STANDARD_LIBRARIES = YES;
				CODE_SIGN_STYLE = Automatic;
				CURRENT_PROJECT_VERSION = 1;
				GENERATE_INFOPLIST_FILE = YES;
				MARKETING_VERSION = 1.0;
				PRODUCT_BUNDLE_IDENTIFIER = com.companyname.newProjectUITests;
				PRODUCT_NAME = "$(TARGET_NAME)";
				SWIFT_EMIT_LOC_STRINGS = NO;
				SWIFT_VERSION = 5.0;
				TARGETED_DEVICE_FAMILY = "1,2";
				TEST_TARGET_NAME = newProject;
			};
			name = Debug;
		};
		FBA4E43C2BB6EA2000FD0667 /* Release */ = {
			isa = XCBuildConfiguration;
			buildSettings = {
				ALWAYS_EMBED_SWIFT_STANDARD_LIBRARIES = YES;
				CODE_SIGN_STYLE = Automatic;
				CURRENT_PROJECT_VERSION = 1;
				GENERATE_INFOPLIST_FILE = YES;
				MARKETING_VERSION = 1.0;
				PRODUCT_BUNDLE_IDENTIFIER = com.companyname.newProjectUITests;
				PRODUCT_NAME = "$(TARGET_NAME)";
				SWIFT_EMIT_LOC_STRINGS = NO;
				SWIFT_VERSION = 5.0;
				TARGETED_DEVICE_FAMILY = "1,2";
				TEST_TARGET_NAME = newProject;
			};
			name = Release;
		};
/* End XCBuildConfiguration section */

/* Begin XCConfigurationList section */
		FBA4E4052BB6EA1A00FD0667 /* Build configuration list for PBXProject "newProject" */ = {
			isa = XCConfigurationList;
			buildConfigurations = (
				FBA4E4322BB6EA2000FD0667 /* Debug */,
				FBA4E4332BB6EA2000FD0667 /* Release */,
			);
			defaultConfigurationIsVisible = 0;
			defaultConfigurationName = Release;
		};
		FBA4E4342BB6EA2000FD0667 /* Build configuration list for PBXNativeTarget "newProject" */ = {
			isa = XCConfigurationList;
			buildConfigurations = (
				FBA4E4352BB6EA2000FD0667 /* Debug */,
				FBA4E4362BB6EA2000FD0667 /* Release */,
			);
			defaultConfigurationIsVisible = 0;
			defaultConfigurationName = Release;
		};
		FBA4E4372BB6EA2000FD0667 /* Build configuration list for PBXNativeTarget "newProjectTests" */ = {
			isa = XCConfigurationList;
			buildConfigurations = (
				FBA4E4382BB6EA2000FD0667 /* Debug */,
				FBA4E4392BB6EA2000FD0667 /* Release */,
			);
			defaultConfigurationIsVisible = 0;
			defaultConfigurationName = Release;
		};
		FBA4E43A2BB6EA2000FD0667 /* Build configuration list for PBXNativeTarget "newProjectUITests" */ = {
			isa = XCConfigurationList;
			buildConfigurations = (
				FBA4E43B2BB6EA2000FD0667 /* Debug */,
				FBA4E43C2BB6EA2000FD0667 /* Release */,
			);
			defaultConfigurationIsVisible = 0;
			defaultConfigurationName = Release;
		};
/* End XCConfigurationList section */
	};
	rootObject = FBA4E4022BB6EA1A00FD0667 /* Project object */;
}
